%{
  "kino": {:hex, :kino, "0.9.3", "4f5b89009c45361cf72680cc4254dbc638bcbee41477c244c0b2aeb87656da98", [:mix], [{:nx, "~> 0.1", [hex: :nx, repo: "hexpm", optional: true]}, {:table, "~> 0.1.2", [hex: :table, repo: "hexpm", optional: false]}], "hexpm", "534bfc84fb48787323d39b9037d9159072337af5194bfa5749645b1fe8a9a8de"},
  "table": {:hex, :table, "0.1.2", "87ad1125f5b70c5dea0307aa633194083eb5182ec537efc94e96af08937e14a8", [:mix], [], "hexpm", "7e99bc7efef806315c7e65640724bf165c3061cdc5d854060f74468367065029"},
}
